
Microsoft Visual Studio Solution File, Format Version 12.00
# Visual Studio 15
VisualStudioVersion = 15.0.28307.902
MinimumVisualStudioVersion = 10.0.40219.1
Project("{9A19103F-16F7-4668-BE54-9A1E7A4F7556}") = "Aplicacao", "SistemaVendas\Aplicacao.csproj", "{B84CA871-CDDF-4F9A-B55C-300B22BE831E}"
EndProject
Project("{2150E333-8FDC-42A3-9474-1A3956D46DE8}") = "1 - Aplicacao", "1 - Aplicacao", "{426FF809-A569-4CD0-B614-C00D81A2BCC2}"
EndProject
Project("{2150E333-8FDC-42A3-9474-1A3956D46DE8}") = "2 - Dominio", "2 - Dominio", "{6DEDFE5B-FD71-4C2A-B6AF-564908C9944B}"
EndProject
Project("{2150E333-8FDC-42A3-9474-1A3956D46DE8}") = "3 - Repositorio", "3 - Repositorio", "{6251CE0F-CAEC-43D3-8274-B4D3DEA78641}"
EndProject
Project("{2150E333-8FDC-42A3-9474-1A3956D46DE8}") = "4 - Infraestrutura", "4 - Infraestrutura", "{F4D6D1E0-4023-4BE0-9B86-05FEE539F183}"
EndProject
Project("{9A19103F-16F7-4668-BE54-9A1E7A4F7556}") = "Dominio", "Dominio\Dominio.csproj", "{3F38C1E8-3024-482B-A1B8-364C4FC4AA71}"
EndProject
Project("{FAE04EC0-301F-11D3-BF4B-00C04F79EFBC}") = "Repositorio", "Repositorio\Repositorio.csproj", "{1E5A37D3-9465-44E3-B617-1110D065E215}"
EndProject
Global
	GlobalSection(SolutionConfigurationPlatforms) = preSolution
		Debug|Any CPU = Debug|Any CPU
		Release|Any CPU = Release|Any CPU
	EndGlobalSection
	GlobalSection(ProjectConfigurationPlatforms) = postSolution
		{B84CA871-CDDF-4F9A-B55C-300B22BE831E}.Debug|Any CPU.ActiveCfg = Debug|Any CPU
		{B84CA871-CDDF-4F9A-B55C-300B22BE831E}.Debug|Any CPU.Build.0 = Debug|Any CPU
		{B84CA871-CDDF-4F9A-B55C-300B22BE831E}.Release|Any CPU.ActiveCfg = Release|Any CPU
		{B84CA871-CDDF-4F9A-B55C-300B22BE831E}.Release|Any CPU.Build.0 = Release|Any CPU
		{3F38C1E8-3024-482B-A1B8-364C4FC4AA71}.Debug|Any CPU.ActiveCfg = Debug|Any CPU
		{3F38C1E8-3024-482B-A1B8-364C4FC4AA71}.Debug|Any CPU.Build.0 = Debug|Any CPU
		{3F38C1E8-3024-482B-A1B8-364C4FC4AA71}.Release|Any CPU.ActiveCfg = Release|Any CPU
		{3F38C1E8-3024-482B-A1B8-364C4FC4AA71}.Release|Any CPU.Build.0 = Release|Any CPU
		{1E5A37D3-9465-44E3-B617-1110D065E215}.Debug|Any CPU.ActiveCfg = Debug|Any CPU
		{1E5A37D3-9465-44E3-B617-1110D065E215}.Debug|Any CPU.Build.0 = Debug|Any CPU
		{1E5A37D3-9465-44E3-B617-1110D065E215}.Release|Any CPU.ActiveCfg = Release|Any CPU
		{1E5A37D3-9465-44E3-B617-1110D065E215}.Release|Any CPU.Build.0 = Release|Any CPU
	EndGlobalSection
	GlobalSection(SolutionProperties) = preSolution
		HideSolutionNode = FALSE
	EndGlobalSection
	GlobalSection(NestedProjects) = preSolution
		{B84CA871-CDDF-4F9A-B55C-300B22BE831E} = {426FF809-A569-4CD0-B614-C00D81A2BCC2}
		{3F38C1E8-3024-482B-A1B8-364C4FC4AA71} = {6DEDFE5B-FD71-4C2A-B6AF-564908C9944B}
		{1E5A37D3-9465-44E3-B617-1110D065E215} = {6251CE0F-CAEC-43D3-8274-B4D3DEA78641}
	EndGlobalSection
	GlobalSection(ExtensibilityGlobals) = postSolution
		SolutionGuid = {4A6B1C31-ED92-4AD6-B9E5-2A3B7FFDF5B2}
	EndGlobalSection
EndGlobal
